
Microsoft Visual Studio Solution File, Format Version 12.00
Project("{FAE04EC0-301F-11D3-BF4B-00C04F79EFBC}") = "monitoring-service", "monitoring-service.csproj", "{D88AE3C0-0A3C-43B5-8985-5A5FF053EF75}"
EndProject
Global
	GlobalSection(SolutionConfigurationPlatforms) = preSolution
		Debug|Any CPU = Debug|Any CPU
		Release|Any CPU = Release|Any CPU
	EndGlobalSection
	GlobalSection(ProjectConfigurationPlatforms) = postSolution
		{D88AE3C0-0A3C-43B5-8985-5A5FF053EF75}.Debug|Any CPU.ActiveCfg = Debug|Any CPU
		{D88AE3C0-0A3C-43B5-8985-5A5FF053EF75}.Debug|Any CPU.Build.0 = Debug|Any CPU
		{D88AE3C0-0A3C-43B5-8985-5A5FF053EF75}.Release|Any CPU.ActiveCfg = Release|Any CPU
		{D88AE3C0-0A3C-43B5-8985-5A5FF053EF75}.Release|Any CPU.Build.0 = Release|Any CPU
	EndGlobalSection
EndGlobal
